
Microsoft Visual Studio Solution File, Format Version 12.00
# Visual Studio Version 16
VisualStudioVersion = 16.0.30717.126
MinimumVisualStudioVersion = 10.0.40219.1
Project("{FAE04EC0-301F-11D3-BF4B-00C04F79EFBC}") = "ConsoleApp4", "ConsoleApp4\ConsoleApp4.csproj", "{311527E2-24DF-42E1-B979-408EA1CBCDA3}"
EndProject
Global
	GlobalSection(SolutionConfigurationPlatforms) = preSolution
		Debug|Any CPU = Debug|Any CPU
		Release|Any CPU = Release|Any CPU
	EndGlobalSection
	GlobalSection(ProjectConfigurationPlatforms) = postSolution
		{311527E2-24DF-42E1-B979-408EA1CBCDA3}.Debug|Any CPU.ActiveCfg = Debug|Any CPU
		{311527E2-24DF-42E1-B979-408EA1CBCDA3}.Debug|Any CPU.Build.0 = Debug|Any CPU
		{311527E2-24DF-42E1-B979-408EA1CBCDA3}.Release|Any CPU.ActiveCfg = Release|Any CPU
		{311527E2-24DF-42E1-B979-408EA1CBCDA3}.Release|Any CPU.Build.0 = Release|Any CPU
	EndGlobalSection
	GlobalSection(SolutionProperties) = preSolution
		HideSolutionNode = FALSE
	EndGlobalSection
	GlobalSection(ExtensibilityGlobals) = postSolution
		SolutionGuid = {2961EE05-0F7F-4319-AAD7-8D0ADC3A3317}
	EndGlobalSection
EndGlobal
